
Microsoft Visual Studio Solution File, Format Version 12.00
# Visual Studio Version 16
VisualStudioVersion = 16.0.29905.134
MinimumVisualStudioVersion = 10.0.40219.1
Project("{2150E333-8FDC-42A3-9474-1A3956D46DE8}") = "Documents", "Documents", "{2615491B-5415-4FFF-A79F-1735FCF5E4E6}"
	ProjectSection(SolutionItems) = preProject
		BuildNuGet.bat = BuildNuGet.bat
		LICENSE.TXT = LICENSE.TXT
		make-doc.bat = make-doc.bat
		Ramone\Ramone.nuspec = Ramone\Ramone.nuspec
		README.TXT = README.TXT
		RELEASE-NOTES.TXT = RELEASE-NOTES.TXT
	EndProjectSection
EndProject
Project("{FAE04EC0-301F-11D3-BF4B-00C04F79EFBC}") = "Ramone", "Ramone\Ramone.csproj", "{445D7DFA-0123-4CE0-ADE2-1D632A517E2C}"
EndProject
Project("{FAE04EC0-301F-11D3-BF4B-00C04F79EFBC}") = "Ramone.Tests", "Ramone.Tests\Ramone.Tests.csproj", "{D1BE3B6D-C886-4C78-8826-036E5834A08E}"
EndProject
Project("{FAE04EC0-301F-11D3-BF4B-00C04F79EFBC}") = "Ramone.Tests.Server", "Ramone.Tests.Server\Ramone.Tests.Server.csproj", "{BC8D95DB-9320-4E7A-BD1E-C63F3710D9FB}"
EndProject
Project("{FAE04EC0-301F-11D3-BF4B-00C04F79EFBC}") = "Ramone.Tests.Common", "Ramone.Tests.Common\Ramone.Tests.Common.csproj", "{DD3B040F-3D75-4C46-BB54-CD06F594F894}"
EndProject
Project("{FAE04EC0-301F-11D3-BF4B-00C04F79EFBC}") = "Ramone.Hypermedia", "Ramone.Hypermedia\Ramone.Hypermedia.csproj", "{740B67B5-6BC3-48BA-A8A0-46CA89618521}"
EndProject
Project("{FAE04EC0-301F-11D3-BF4B-00C04F79EFBC}") = "Ramone.Hypermedia.Tests", "Ramone.Hypermedia.Tests\Ramone.Hypermedia.Tests.csproj", "{38DE110F-26A1-4054-B358-D953A0324243}"
EndProject
Global
	GlobalSection(SolutionConfigurationPlatforms) = preSolution
		Debug|Any CPU = Debug|Any CPU
		Debug|Mixed Platforms = Debug|Mixed Platforms
		Debug|x86 = Debug|x86
		Release|Any CPU = Release|Any CPU
		Release|Mixed Platforms = Release|Mixed Platforms
		Release|x86 = Release|x86
	EndGlobalSection
	GlobalSection(ProjectConfigurationPlatforms) = postSolution
		{445D7DFA-0123-4CE0-ADE2-1D632A517E2C}.Debug|Any CPU.ActiveCfg = Debug|Any CPU
		{445D7DFA-0123-4CE0-ADE2-1D632A517E2C}.Debug|Any CPU.Build.0 = Debug|Any CPU
		{445D7DFA-0123-4CE0-ADE2-1D632A517E2C}.Debug|Mixed Platforms.ActiveCfg = Debug|Any CPU
		{445D7DFA-0123-4CE0-ADE2-1D632A517E2C}.Debug|Mixed Platforms.Build.0 = Debug|Any CPU
		{445D7DFA-0123-4CE0-ADE2-1D632A517E2C}.Debug|x86.ActiveCfg = Debug|Any CPU
		{445D7DFA-0123-4CE0-ADE2-1D632A517E2C}.Release|Any CPU.ActiveCfg = Release|Any CPU
		{445D7DFA-0123-4CE0-ADE2-1D632A517E2C}.Release|Any CPU.Build.0 = Release|Any CPU
		{445D7DFA-0123-4CE0-ADE2-1D632A517E2C}.Release|Mixed Platforms.ActiveCfg = Release|Any CPU
		{445D7DFA-0123-4CE0-ADE2-1D632A517E2C}.Release|Mixed Platforms.Build.0 = Release|Any CPU
		{445D7DFA-0123-4CE0-ADE2-1D632A517E2C}.Release|x86.ActiveCfg = Release|Any CPU
		{D1BE3B6D-C886-4C78-8826-036E5834A08E}.Debug|Any CPU.ActiveCfg = Debug|Any CPU
		{D1BE3B6D-C886-4C78-8826-036E5834A08E}.Debug|Any CPU.Build.0 = Debug|Any CPU
		{D1BE3B6D-C886-4C78-8826-036E5834A08E}.Debug|Mixed Platforms.ActiveCfg = Debug|Any CPU
		{D1BE3B6D-C886-4C78-8826-036E5834A08E}.Debug|Mixed Platforms.Build.0 = Debug|Any CPU
		{D1BE3B6D-C886-4C78-8826-036E5834A08E}.Debug|x86.ActiveCfg = Debug|Any CPU
		{D1BE3B6D-C886-4C78-8826-036E5834A08E}.Release|Any CPU.ActiveCfg = Release|Any CPU
		{D1BE3B6D-C886-4C78-8826-036E5834A08E}.Release|Any CPU.Build.0 = Release|Any CPU
		{D1BE3B6D-C886-4C78-8826-036E5834A08E}.Release|Mixed Platforms.ActiveCfg = Release|Any CPU
		{D1BE3B6D-C886-4C78-8826-036E5834A08E}.Release|Mixed Platforms.Build.0 = Release|Any CPU
		{D1BE3B6D-C886-4C78-8826-036E5834A08E}.Release|x86.ActiveCfg = Release|Any CPU
		{BC8D95DB-9320-4E7A-BD1E-C63F3710D9FB}.Debug|Any CPU.ActiveCfg = Debug|Any CPU
		{BC8D95DB-9320-4E7A-BD1E-C63F3710D9FB}.Debug|Any CPU.Build.0 = Debug|Any CPU
		{BC8D95DB-9320-4E7A-BD1E-C63F3710D9FB}.Debug|Mixed Platforms.ActiveCfg = Debug|Any CPU
		{BC8D95DB-9320-4E7A-BD1E-C63F3710D9FB}.Debug|Mixed Platforms.Build.0 = Debug|Any CPU
		{BC8D95DB-9320-4E7A-BD1E-C63F3710D9FB}.Debug|x86.ActiveCfg = Debug|Any CPU
		{BC8D95DB-9320-4E7A-BD1E-C63F3710D9FB}.Release|Any CPU.ActiveCfg = Release|Any CPU
		{BC8D95DB-9320-4E7A-BD1E-C63F3710D9FB}.Release|Any CPU.Build.0 = Release|Any CPU
		{BC8D95DB-9320-4E7A-BD1E-C63F3710D9FB}.Release|Mixed Platforms.ActiveCfg = Release|Any CPU
		{BC8D95DB-9320-4E7A-BD1E-C63F3710D9FB}.Release|Mixed Platforms.Build.0 = Release|Any CPU
		{BC8D95DB-9320-4E7A-BD1E-C63F3710D9FB}.Release|x86.ActiveCfg = Release|Any CPU
		{DD3B040F-3D75-4C46-BB54-CD06F594F894}.Debug|Any CPU.ActiveCfg = Debug|Any CPU
		{DD3B040F-3D75-4C46-BB54-CD06F594F894}.Debug|Any CPU.Build.0 = Debug|Any CPU
		{DD3B040F-3D75-4C46-BB54-CD06F594F894}.Debug|Mixed Platforms.ActiveCfg = Debug|Any CPU
		{DD3B040F-3D75-4C46-BB54-CD06F594F894}.Debug|Mixed Platforms.Build.0 = Debug|Any CPU
		{DD3B040F-3D75-4C46-BB54-CD06F594F894}.Debug|x86.ActiveCfg = Debug|Any CPU
		{DD3B040F-3D75-4C46-BB54-CD06F594F894}.Release|Any CPU.ActiveCfg = Release|Any CPU
		{DD3B040F-3D75-4C46-BB54-CD06F594F894}.Release|Any CPU.Build.0 = Release|Any CPU
		{DD3B040F-3D75-4C46-BB54-CD06F594F894}.Release|Mixed Platforms.ActiveCfg = Release|Any CPU
		{DD3B040F-3D75-4C46-BB54-CD06F594F894}.Release|Mixed Platforms.Build.0 = Release|Any CPU
		{DD3B040F-3D75-4C46-BB54-CD06F594F894}.Release|x86.ActiveCfg = Release|Any CPU
		{740B67B5-6BC3-48BA-A8A0-46CA89618521}.Debug|Any CPU.ActiveCfg = Debug|Any CPU
		{740B67B5-6BC3-48BA-A8A0-46CA89618521}.Debug|Any CPU.Build.0 = Debug|Any CPU
		{740B67B5-6BC3-48BA-A8A0-46CA89618521}.Debug|Mixed Platforms.ActiveCfg = Debug|Any CPU
		{740B67B5-6BC3-48BA-A8A0-46CA89618521}.Debug|Mixed Platforms.Build.0 = Debug|Any CPU
		{740B67B5-6BC3-48BA-A8A0-46CA89618521}.Debug|x86.ActiveCfg = Debug|Any CPU
		{740B67B5-6BC3-48BA-A8A0-46CA89618521}.Release|Any CPU.ActiveCfg = Release|Any CPU
		{740B67B5-6BC3-48BA-A8A0-46CA89618521}.Release|Any CPU.Build.0 = Release|Any CPU
		{740B67B5-6BC3-48BA-A8A0-46CA89618521}.Release|Mixed Platforms.ActiveCfg = Release|Any CPU
		{740B67B5-6BC3-48BA-A8A0-46CA89618521}.Release|Mixed Platforms.Build.0 = Release|Any CPU
		{740B67B5-6BC3-48BA-A8A0-46CA89618521}.Release|x86.ActiveCfg = Release|Any CPU
		{38DE110F-26A1-4054-B358-D953A0324243}.Debug|Any CPU.ActiveCfg = Debug|Any CPU
		{38DE110F-26A1-4054-B358-D953A0324243}.Debug|Any CPU.Build.0 = Debug|Any CPU
		{38DE110F-26A1-4054-B358-D953A0324243}.Debug|Mixed Platforms.ActiveCfg = Debug|Any CPU
		{38DE110F-26A1-4054-B358-D953A0324243}.Debug|Mixed Platforms.Build.0 = Debug|Any CPU
		{38DE110F-26A1-4054-B358-D953A0324243}.Debug|x86.ActiveCfg = Debug|Any CPU
		{38DE110F-26A1-4054-B358-D953A0324243}.Release|Any CPU.ActiveCfg = Release|Any CPU
		{38DE110F-26A1-4054-B358-D953A0324243}.Release|Any CPU.Build.0 = Release|Any CPU
		{38DE110F-26A1-4054-B358-D953A0324243}.Release|Mixed Platforms.ActiveCfg = Release|Any CPU
		{38DE110F-26A1-4054-B358-D953A0324243}.Release|Mixed Platforms.Build.0 = Release|Any CPU
		{38DE110F-26A1-4054-B358-D953A0324243}.Release|x86.ActiveCfg = Release|Any CPU
	EndGlobalSection
	GlobalSection(SolutionProperties) = preSolution
		HideSolutionNode = FALSE
	EndGlobalSection
	GlobalSection(ExtensibilityGlobals) = postSolution
		SolutionGuid = {EF0F8FD6-EB8B-4DF9-BF3C-2CC7D2A15389}
	EndGlobalSection
EndGlobal
